
Microsoft Visual Studio Solution File, Format Version 12.00
# Visual Studio 15
VisualStudioVersion = 15.0.28307.489
MinimumVisualStudioVersion = 10.0.40219.1
Project("{9A19103F-16F7-4668-BE54-9A1E7A4F7556}") = "FizzBuzz", "FizzBuzz\FizzBuzz.csproj", "{E403E80F-002C-4850-BFEA-633FB54A9564}"
EndProject
Project("{FAE04EC0-301F-11D3-BF4B-00C04F79EFBC}") = "FizzBuzzSimple", "FizzBuzzSimple\FizzBuzzSimple.csproj", "{43F3C03D-1B8E-44B2-8E59-DB2E138407E4}"
EndProject
Global
	GlobalSection(SolutionConfigurationPlatforms) = preSolution
		Debug|Any CPU = Debug|Any CPU
		Release|Any CPU = Release|Any CPU
	EndGlobalSection
	GlobalSection(ProjectConfigurationPlatforms) = postSolution
		{E403E80F-002C-4850-BFEA-633FB54A9564}.Debug|Any CPU.ActiveCfg = Debug|Any CPU
		{E403E80F-002C-4850-BFEA-633FB54A9564}.Debug|Any CPU.Build.0 = Debug|Any CPU
		{E403E80F-002C-4850-BFEA-633FB54A9564}.Release|Any CPU.ActiveCfg = Release|Any CPU
		{E403E80F-002C-4850-BFEA-633FB54A9564}.Release|Any CPU.Build.0 = Release|Any CPU
		{43F3C03D-1B8E-44B2-8E59-DB2E138407E4}.Debug|Any CPU.ActiveCfg = Debug|Any CPU
		{43F3C03D-1B8E-44B2-8E59-DB2E138407E4}.Debug|Any CPU.Build.0 = Debug|Any CPU
		{43F3C03D-1B8E-44B2-8E59-DB2E138407E4}.Release|Any CPU.ActiveCfg = Release|Any CPU
		{43F3C03D-1B8E-44B2-8E59-DB2E138407E4}.Release|Any CPU.Build.0 = Release|Any CPU
	EndGlobalSection
	GlobalSection(SolutionProperties) = preSolution
		HideSolutionNode = FALSE
	EndGlobalSection
	GlobalSection(ExtensibilityGlobals) = postSolution
		SolutionGuid = {D33A6C59-08CA-47D1-BE1B-D529A79AC8B7}
	EndGlobalSection
EndGlobal
